
Microsoft Visual Studio Solution File, Format Version 12.00
# Visual Studio 15
VisualStudioVersion = 15.0.26730.10
MinimumVisualStudioVersion = 10.0.40219.1
Project("{FAE04EC0-301F-11D3-BF4B-00C04F79EFBC}") = "FX.Test.UI", "FX.Test.UI\FX.Test.UI.csproj", "{F996651E-4F96-45F6-9AD2-A8CBBA2EB41A}"
EndProject
Project("{FAE04EC0-301F-11D3-BF4B-00C04F79EFBC}") = "UnitTestProject", "UnitTestProject\UnitTestProject.csproj", "{345125AF-CB43-4C21-9ABF-B2E7C7E2DB5F}"
EndProject
Project("{FAE04EC0-301F-11D3-BF4B-00C04F79EFBC}") = "FX.Test.Core", "FX.Test.Core\FX.Test.Core.csproj", "{5B79101C-0854-43FC-9286-375067E8FD7A}"
EndProject
Global
	GlobalSection(SolutionConfigurationPlatforms) = preSolution
		Debug|Any CPU = Debug|Any CPU
		Release|Any CPU = Release|Any CPU
	EndGlobalSection
	GlobalSection(ProjectConfigurationPlatforms) = postSolution
		{F996651E-4F96-45F6-9AD2-A8CBBA2EB41A}.Debug|Any CPU.ActiveCfg = Debug|Any CPU
		{F996651E-4F96-45F6-9AD2-A8CBBA2EB41A}.Debug|Any CPU.Build.0 = Debug|Any CPU
		{F996651E-4F96-45F6-9AD2-A8CBBA2EB41A}.Release|Any CPU.ActiveCfg = Release|Any CPU
		{F996651E-4F96-45F6-9AD2-A8CBBA2EB41A}.Release|Any CPU.Build.0 = Release|Any CPU
		{345125AF-CB43-4C21-9ABF-B2E7C7E2DB5F}.Debug|Any CPU.ActiveCfg = Debug|Any CPU
		{345125AF-CB43-4C21-9ABF-B2E7C7E2DB5F}.Debug|Any CPU.Build.0 = Debug|Any CPU
		{345125AF-CB43-4C21-9ABF-B2E7C7E2DB5F}.Release|Any CPU.ActiveCfg = Release|Any CPU
		{345125AF-CB43-4C21-9ABF-B2E7C7E2DB5F}.Release|Any CPU.Build.0 = Release|Any CPU
		{5B79101C-0854-43FC-9286-375067E8FD7A}.Debug|Any CPU.ActiveCfg = Debug|Any CPU
		{5B79101C-0854-43FC-9286-375067E8FD7A}.Debug|Any CPU.Build.0 = Debug|Any CPU
		{5B79101C-0854-43FC-9286-375067E8FD7A}.Release|Any CPU.ActiveCfg = Release|Any CPU
		{5B79101C-0854-43FC-9286-375067E8FD7A}.Release|Any CPU.Build.0 = Release|Any CPU
	EndGlobalSection
	GlobalSection(SolutionProperties) = preSolution
		HideSolutionNode = FALSE
	EndGlobalSection
	GlobalSection(ExtensibilityGlobals) = postSolution
		SolutionGuid = {A1B275CF-5C24-4655-8E64-26DC2D3ADEC8}
	EndGlobalSection
EndGlobal
